
Microsoft Visual Studio Solution File, Format Version 12.00
# Visual Studio Version 16
VisualStudioVersion = 16.0.30204.135
MinimumVisualStudioVersion = 10.0.40219.1
Project("{FAE04EC0-301F-11D3-BF4B-00C04F79EFBC}") = "TS-Trains-Client", "TS-Trains-Client.csproj", "{19941E93-A58D-453A-B9BA-5E020FADF0B6}"
EndProject
Project("{FAE04EC0-301F-11D3-BF4B-00C04F79EFBC}") = "TS-Trains-Server", "..\TS-Trains-Server\TS-Trains-Server.csproj", "{57916286-2243-4F99-80A4-DA38BBD990BB}"
EndProject
Global
	GlobalSection(SolutionConfigurationPlatforms) = preSolution
		Debug|Any CPU = Debug|Any CPU
		Release|Any CPU = Release|Any CPU
	EndGlobalSection
	GlobalSection(ProjectConfigurationPlatforms) = postSolution
		{19941E93-A58D-453A-B9BA-5E020FADF0B6}.Debug|Any CPU.ActiveCfg = Debug|Any CPU
		{19941E93-A58D-453A-B9BA-5E020FADF0B6}.Debug|Any CPU.Build.0 = Debug|Any CPU
		{19941E93-A58D-453A-B9BA-5E020FADF0B6}.Release|Any CPU.ActiveCfg = Release|Any CPU
		{19941E93-A58D-453A-B9BA-5E020FADF0B6}.Release|Any CPU.Build.0 = Release|Any CPU
		{57916286-2243-4F99-80A4-DA38BBD990BB}.Debug|Any CPU.ActiveCfg = Debug|Any CPU
		{57916286-2243-4F99-80A4-DA38BBD990BB}.Debug|Any CPU.Build.0 = Debug|Any CPU
		{57916286-2243-4F99-80A4-DA38BBD990BB}.Release|Any CPU.ActiveCfg = Release|Any CPU
		{57916286-2243-4F99-80A4-DA38BBD990BB}.Release|Any CPU.Build.0 = Release|Any CPU
	EndGlobalSection
	GlobalSection(SolutionProperties) = preSolution
		HideSolutionNode = FALSE
	EndGlobalSection
	GlobalSection(ExtensibilityGlobals) = postSolution
		SolutionGuid = {70BD90F9-69CB-4E85-9650-CFAF324C6FF9}
	EndGlobalSection
EndGlobal
